
Microsoft Visual Studio Solution File, Format Version 12.00
# Visual Studio Version 16
VisualStudioVersion = 16.0.30503.244
MinimumVisualStudioVersion = 10.0.40219.1
Project("{FAE04EC0-301F-11D3-BF4B-00C04F79EFBC}") = "EggDrop", "EggDrop\EggDrop.csproj", "{50DD20AF-1C92-4121-8518-44625AF3CC6D}"
EndProject
Project("{FAE04EC0-301F-11D3-BF4B-00C04F79EFBC}") = "EggProblemUnitTests", "EggProblemUnitTests\EggProblemUnitTests.csproj", "{8AFA7047-8E7C-49FE-A3BD-DA8826664376}"
	ProjectSection(ProjectDependencies) = postProject
		{50DD20AF-1C92-4121-8518-44625AF3CC6D} = {50DD20AF-1C92-4121-8518-44625AF3CC6D}
	EndProjectSection
EndProject
Global
	GlobalSection(SolutionConfigurationPlatforms) = preSolution
		Debug|Any CPU = Debug|Any CPU
		Release|Any CPU = Release|Any CPU
	EndGlobalSection
	GlobalSection(ProjectConfigurationPlatforms) = postSolution
		{50DD20AF-1C92-4121-8518-44625AF3CC6D}.Debug|Any CPU.ActiveCfg = Debug|Any CPU
		{50DD20AF-1C92-4121-8518-44625AF3CC6D}.Debug|Any CPU.Build.0 = Debug|Any CPU
		{50DD20AF-1C92-4121-8518-44625AF3CC6D}.Release|Any CPU.ActiveCfg = Release|Any CPU
		{50DD20AF-1C92-4121-8518-44625AF3CC6D}.Release|Any CPU.Build.0 = Release|Any CPU
		{8AFA7047-8E7C-49FE-A3BD-DA8826664376}.Debug|Any CPU.ActiveCfg = Debug|Any CPU
		{8AFA7047-8E7C-49FE-A3BD-DA8826664376}.Debug|Any CPU.Build.0 = Debug|Any CPU
		{8AFA7047-8E7C-49FE-A3BD-DA8826664376}.Release|Any CPU.ActiveCfg = Release|Any CPU
		{8AFA7047-8E7C-49FE-A3BD-DA8826664376}.Release|Any CPU.Build.0 = Release|Any CPU
	EndGlobalSection
	GlobalSection(SolutionProperties) = preSolution
		HideSolutionNode = FALSE
	EndGlobalSection
	GlobalSection(ExtensibilityGlobals) = postSolution
		SolutionGuid = {E3412CA9-D855-4073-9584-BC033EF4E004}
	EndGlobalSection
EndGlobal
